
Microsoft Visual Studio Solution File, Format Version 12.00
# Visual Studio 2012
Project("{FAE04EC0-301F-11D3-BF4B-00C04F79EFBC}") = "BankServer_HTTP", "BankServer_HTTP\BankServer_HTTP.csproj", "{3761BD24-7370-464A-9474-5A58BFB7EF20}"
EndProject
Global
	GlobalSection(SolutionConfigurationPlatforms) = preSolution
		Debug|Any CPU = Debug|Any CPU
		Release|Any CPU = Release|Any CPU
	EndGlobalSection
	GlobalSection(ProjectConfigurationPlatforms) = postSolution
		{3761BD24-7370-464A-9474-5A58BFB7EF20}.Debug|Any CPU.ActiveCfg = Debug|Any CPU
		{3761BD24-7370-464A-9474-5A58BFB7EF20}.Debug|Any CPU.Build.0 = Debug|Any CPU
		{3761BD24-7370-464A-9474-5A58BFB7EF20}.Release|Any CPU.ActiveCfg = Release|Any CPU
		{3761BD24-7370-464A-9474-5A58BFB7EF20}.Release|Any CPU.Build.0 = Release|Any CPU
	EndGlobalSection
	GlobalSection(SolutionProperties) = preSolution
		HideSolutionNode = FALSE
	EndGlobalSection
EndGlobal
